
Microsoft Visual Studio Solution File, Format Version 12.00
# Visual Studio Version 17
VisualStudioVersion = 17.0.31912.275
MinimumVisualStudioVersion = 10.0.40219.1
Project("{FAE04EC0-301F-11D3-BF4B-00C04F79EFBC}") = "MedrisVlad_WebApp", "MedrisVlad_WebApp.csproj", "{BE7DDDFC-9D46-4DDB-9A55-C0DE252A0E6A}"
EndProject
Global
	GlobalSection(SolutionConfigurationPlatforms) = preSolution
		Debug|Any CPU = Debug|Any CPU
		Release|Any CPU = Release|Any CPU
	EndGlobalSection
	GlobalSection(ProjectConfigurationPlatforms) = postSolution
		{BE7DDDFC-9D46-4DDB-9A55-C0DE252A0E6A}.Debug|Any CPU.ActiveCfg = Debug|Any CPU
		{BE7DDDFC-9D46-4DDB-9A55-C0DE252A0E6A}.Debug|Any CPU.Build.0 = Debug|Any CPU
		{BE7DDDFC-9D46-4DDB-9A55-C0DE252A0E6A}.Release|Any CPU.ActiveCfg = Release|Any CPU
		{BE7DDDFC-9D46-4DDB-9A55-C0DE252A0E6A}.Release|Any CPU.Build.0 = Release|Any CPU
	EndGlobalSection
	GlobalSection(SolutionProperties) = preSolution
		HideSolutionNode = FALSE
	EndGlobalSection
	GlobalSection(ExtensibilityGlobals) = postSolution
		SolutionGuid = {35F389BE-26E3-4FBF-BADD-6EEC149F585B}
	EndGlobalSection
EndGlobal
